
Microsoft Visual Studio Solution File, Format Version 12.00
# Visual Studio Version 17
VisualStudioVersion = 17.0.31919.166
MinimumVisualStudioVersion = 10.0.40219.1
Project("{FAE04EC0-301F-11D3-BF4B-00C04F79EFBC}") = "catGirl", "catGirl\catGirl.csproj", "{ECAD1561-ED18-42B2-8BA8-C7C3A832EA81}"
EndProject
Global
	GlobalSection(SolutionConfigurationPlatforms) = preSolution
		Debug|Any CPU = Debug|Any CPU
		Release|Any CPU = Release|Any CPU
	EndGlobalSection
	GlobalSection(ProjectConfigurationPlatforms) = postSolution
		{ECAD1561-ED18-42B2-8BA8-C7C3A832EA81}.Debug|Any CPU.ActiveCfg = Debug|Any CPU
		{ECAD1561-ED18-42B2-8BA8-C7C3A832EA81}.Debug|Any CPU.Build.0 = Debug|Any CPU
		{ECAD1561-ED18-42B2-8BA8-C7C3A832EA81}.Release|Any CPU.ActiveCfg = Release|Any CPU
		{ECAD1561-ED18-42B2-8BA8-C7C3A832EA81}.Release|Any CPU.Build.0 = Release|Any CPU
	EndGlobalSection
	GlobalSection(SolutionProperties) = preSolution
		HideSolutionNode = FALSE
	EndGlobalSection
	GlobalSection(ExtensibilityGlobals) = postSolution
		SolutionGuid = {3C847EE4-BDF9-4E1C-9DD2-8411462A1984}
	EndGlobalSection
EndGlobal
